
Microsoft Visual Studio Solution File, Format Version 12.00
# Visual Studio Version 16
VisualStudioVersion = 16.0.31229.75
MinimumVisualStudioVersion = 10.0.40219.1
Project("{FAE04EC0-301F-11D3-BF4B-00C04F79EFBC}") = "StudentMgtSystem", "StudentMgtSystem.csproj", "{FFFAAA8E-43CF-444A-B981-F6B3A20E672D}"
EndProject
Global
	GlobalSection(SolutionConfigurationPlatforms) = preSolution
		Debug|Any CPU = Debug|Any CPU
		Release|Any CPU = Release|Any CPU
	EndGlobalSection
	GlobalSection(ProjectConfigurationPlatforms) = postSolution
		{FFFAAA8E-43CF-444A-B981-F6B3A20E672D}.Debug|Any CPU.ActiveCfg = Debug|Any CPU
		{FFFAAA8E-43CF-444A-B981-F6B3A20E672D}.Debug|Any CPU.Build.0 = Debug|Any CPU
		{FFFAAA8E-43CF-444A-B981-F6B3A20E672D}.Release|Any CPU.ActiveCfg = Release|Any CPU
		{FFFAAA8E-43CF-444A-B981-F6B3A20E672D}.Release|Any CPU.Build.0 = Release|Any CPU
	EndGlobalSection
	GlobalSection(SolutionProperties) = preSolution
		HideSolutionNode = FALSE
	EndGlobalSection
	GlobalSection(ExtensibilityGlobals) = postSolution
		SolutionGuid = {A9631844-D7EF-4DCA-A51C-7251E86B20A2}
	EndGlobalSection
EndGlobal
